
Microsoft Visual Studio Solution File, Format Version 12.00
# Visual Studio Version 17
VisualStudioVersion = 17.0.31912.275
MinimumVisualStudioVersion = 10.0.40219.1
Project("{FAE04EC0-301F-11D3-BF4B-00C04F79EFBC}") = "SocialNetworkKata.ConsoleApp", "SocialNetworkKata.ConsoleApp\SocialNetworkKata.ConsoleApp.csproj", "{8E8223E7-91D5-43FC-9490-35D203FE4435}"
EndProject
Project("{FAE04EC0-301F-11D3-BF4B-00C04F79EFBC}") = "SocialNetworkKata.Tests", "SocialNetworkKata.Tests\SocialNetworkKata.Tests.csproj", "{CE7CFC83-BF8D-4B3E-AA17-B3BF2FC8B38F}"
EndProject
Project("{FAE04EC0-301F-11D3-BF4B-00C04F79EFBC}") = "SocialNetworkKata.Core", "SocialNetworkKata.Core\SocialNetworkKata.Core.csproj", "{3BBE2A9B-03E1-4132-86FD-D9721C24532D}"
EndProject
Global
	GlobalSection(SolutionConfigurationPlatforms) = preSolution
		Debug|Any CPU = Debug|Any CPU
		Release|Any CPU = Release|Any CPU
	EndGlobalSection
	GlobalSection(ProjectConfigurationPlatforms) = postSolution
		{8E8223E7-91D5-43FC-9490-35D203FE4435}.Debug|Any CPU.ActiveCfg = Debug|Any CPU
		{8E8223E7-91D5-43FC-9490-35D203FE4435}.Debug|Any CPU.Build.0 = Debug|Any CPU
		{8E8223E7-91D5-43FC-9490-35D203FE4435}.Release|Any CPU.ActiveCfg = Release|Any CPU
		{8E8223E7-91D5-43FC-9490-35D203FE4435}.Release|Any CPU.Build.0 = Release|Any CPU
		{CE7CFC83-BF8D-4B3E-AA17-B3BF2FC8B38F}.Debug|Any CPU.ActiveCfg = Debug|Any CPU
		{CE7CFC83-BF8D-4B3E-AA17-B3BF2FC8B38F}.Debug|Any CPU.Build.0 = Debug|Any CPU
		{CE7CFC83-BF8D-4B3E-AA17-B3BF2FC8B38F}.Release|Any CPU.ActiveCfg = Release|Any CPU
		{CE7CFC83-BF8D-4B3E-AA17-B3BF2FC8B38F}.Release|Any CPU.Build.0 = Release|Any CPU
		{3BBE2A9B-03E1-4132-86FD-D9721C24532D}.Debug|Any CPU.ActiveCfg = Debug|Any CPU
		{3BBE2A9B-03E1-4132-86FD-D9721C24532D}.Debug|Any CPU.Build.0 = Debug|Any CPU
		{3BBE2A9B-03E1-4132-86FD-D9721C24532D}.Release|Any CPU.ActiveCfg = Release|Any CPU
		{3BBE2A9B-03E1-4132-86FD-D9721C24532D}.Release|Any CPU.Build.0 = Release|Any CPU
	EndGlobalSection
	GlobalSection(SolutionProperties) = preSolution
		HideSolutionNode = FALSE
	EndGlobalSection
	GlobalSection(ExtensibilityGlobals) = postSolution
		SolutionGuid = {B832E406-9A18-41A1-BE03-12675651A0F0}
	EndGlobalSection
EndGlobal
